{
  "requires": true,
  "lockfileVersion": 1,
  "dependencies": {
    "@fortawesome/fontawesome-common-types": {
      "version": "6.4.2",
      "resolved": "https://registry.npmjs.org/@fortawesome/fontawesome-common-types/-/fontawesome-common-types-6.4.2.tgz",
      "integrity": "sha512-1DgP7f+XQIJbLFCTX1V2QnxVmpLdKdzzo2k8EmvDOePfchaIGQ9eCHj2up3/jNEbZuBqel5OxiaOJf37TWauRA=="
    },
    "@fortawesome/fontawesome-free": {
      "version": "6.4.2",
      "resolved": "https://registry.npmjs.org/@fortawesome/fontawesome-free/-/fontawesome-free-6.4.2.tgz",
      "integrity": "sha512-m5cPn3e2+FDCOgi1mz0RexTUvvQibBebOUlUlW0+YrMjDTPkiJ6VTKukA1GRsvRw+12KyJndNjj0O4AgTxm2Pg==",
      "dev": true
    },
    "@fortawesome/free-solid-svg-icons": {
      "version": "6.4.2",
      "resolved": "https://registry.npmjs.org/@fortawesome/free-solid-svg-icons/-/free-solid-svg-icons-6.4.2.tgz",
      "integrity": "sha512-sYwXurXUEQS32fZz9hVCUUv/xu49PEJEyUOsA51l6PU/qVgfbTb2glsTEaJngVVT8VqBATRIdh7XVgV1JF1LkA==",
      "requires": {
        "@fortawesome/fontawesome-common-types": "6.4.2"
      }
    },
    "@vue/devtools-api": {
      "version": "6.5.0",
      "resolved": "https://registry.npmjs.org/@vue/devtools-api/-/devtools-api-6.5.0.tgz",
      "integrity": "sha512-o9KfBeaBmCKl10usN4crU53fYtC1r7jJwdGKjPT24t348rHxgfpZ0xL3Xm/gLUYnc0oTp8LAmrxOeLyu6tbk2Q=="
    },
    "vue-router": {
      "version": "4.2.4",
      "resolved": "https://registry.npmjs.org/vue-router/-/vue-router-4.2.4.tgz",
      "integrity": "sha512-9PISkmaCO02OzPVOMq2w82ilty6+xJmQrarYZDkjZBfl4RvYAlt4PKnEX21oW4KTtWfa9OuO/b3qk1Od3AEdCQ==",
      "requires": {
        "@vue/devtools-api": "^6.5.0"
      }
    }
  }
}
